
Microsoft Visual Studio Solution File, Format Version 12.00
# Visual Studio Version 17
VisualStudioVersion = 17.10.35013.160
MinimumVisualStudioVersion = 10.0.40219.1
Project("{FAE04EC0-301F-11D3-BF4B-00C04F79EFBC}") = "Recipie Manager App", "Recipie Manager App\Recipie Manager App.csproj", "{B74AC658-CBBC-45D1-ADAD-8B903A5A758A}"
EndProject
Global
	GlobalSection(SolutionConfigurationPlatforms) = preSolution
		Debug|Any CPU = Debug|Any CPU
		Release|Any CPU = Release|Any CPU
	EndGlobalSection
	GlobalSection(ProjectConfigurationPlatforms) = postSolution
		{B74AC658-CBBC-45D1-ADAD-8B903A5A758A}.Debug|Any CPU.ActiveCfg = Debug|Any CPU
		{B74AC658-CBBC-45D1-ADAD-8B903A5A758A}.Debug|Any CPU.Build.0 = Debug|Any CPU
		{B74AC658-CBBC-45D1-ADAD-8B903A5A758A}.Debug|Any CPU.Deploy.0 = Debug|Any CPU
		{B74AC658-CBBC-45D1-ADAD-8B903A5A758A}.Release|Any CPU.ActiveCfg = Release|Any CPU
		{B74AC658-CBBC-45D1-ADAD-8B903A5A758A}.Release|Any CPU.Build.0 = Release|Any CPU
		{B74AC658-CBBC-45D1-ADAD-8B903A5A758A}.Release|Any CPU.Deploy.0 = Release|Any CPU
	EndGlobalSection
	GlobalSection(SolutionProperties) = preSolution
		HideSolutionNode = FALSE
	EndGlobalSection
	GlobalSection(ExtensibilityGlobals) = postSolution
		SolutionGuid = {26402337-1990-482E-A370-4EE5A49FBC00}
	EndGlobalSection
EndGlobal
